
Microsoft Visual Studio Solution File, Format Version 12.00
# Visual Studio Version 17
VisualStudioVersion = 17.3.32901.215
MinimumVisualStudioVersion = 10.0.40219.1
Project("{FAE04EC0-301F-11D3-BF4B-00C04F79EFBC}") = "APPSatisfacao", "APPSatisfacao.csproj", "{179D72EE-EA71-4A6E-A6B9-ADB2396CC279}"
EndProject
Global
	GlobalSection(SolutionConfigurationPlatforms) = preSolution
		Debug|Any CPU = Debug|Any CPU
		Release|Any CPU = Release|Any CPU
	EndGlobalSection
	GlobalSection(ProjectConfigurationPlatforms) = postSolution
		{179D72EE-EA71-4A6E-A6B9-ADB2396CC279}.Debug|Any CPU.ActiveCfg = Debug|Any CPU
		{179D72EE-EA71-4A6E-A6B9-ADB2396CC279}.Debug|Any CPU.Build.0 = Debug|Any CPU
		{179D72EE-EA71-4A6E-A6B9-ADB2396CC279}.Release|Any CPU.ActiveCfg = Release|Any CPU
		{179D72EE-EA71-4A6E-A6B9-ADB2396CC279}.Release|Any CPU.Build.0 = Release|Any CPU
	EndGlobalSection
	GlobalSection(SolutionProperties) = preSolution
		HideSolutionNode = FALSE
	EndGlobalSection
	GlobalSection(ExtensibilityGlobals) = postSolution
		SolutionGuid = {83C47CF3-8B7F-4B70-8D2F-4CC1403CAA39}
	EndGlobalSection
EndGlobal
